
Microsoft Visual Studio Solution File, Format Version 12.00
# Visual Studio Version 17
VisualStudioVersion = 17.13.35931.197 d17.13
MinimumVisualStudioVersion = 10.0.40219.1
Project("{FAE04EC0-301F-11D3-BF4B-00C04F79EFBC}") = "Idm", "Idm\Idm.csproj", "{D91912C3-02BE-486C-943F-288E22941A02}"
EndProject
Global
	GlobalSection(SolutionConfigurationPlatforms) = preSolution
		Debug|Any CPU = Debug|Any CPU
		Release|Any CPU = Release|Any CPU
	EndGlobalSection
	GlobalSection(ProjectConfigurationPlatforms) = postSolution
		{D91912C3-02BE-486C-943F-288E22941A02}.Debug|Any CPU.ActiveCfg = Debug|Any CPU
		{D91912C3-02BE-486C-943F-288E22941A02}.Debug|Any CPU.Build.0 = Debug|Any CPU
		{D91912C3-02BE-486C-943F-288E22941A02}.Release|Any CPU.ActiveCfg = Release|Any CPU
		{D91912C3-02BE-486C-943F-288E22941A02}.Release|Any CPU.Build.0 = Release|Any CPU
	EndGlobalSection
	GlobalSection(SolutionProperties) = preSolution
		HideSolutionNode = FALSE
	EndGlobalSection
	GlobalSection(ExtensibilityGlobals) = postSolution
		SolutionGuid = {BB2B5BB9-C3AC-4F3E-BCAD-E12CA3798AB2}
	EndGlobalSection
EndGlobal
